// !$*UTF8*$!
{
	archiveVersion = 1;
	classes = {
	};
	objectVersion = 77;
	objects = {

/* Begin PBXBuildFile section */
		7B192F2F2D9DCCED00AA96B1 /* RedhillAtisWatch Watch App.app in Embed Watch Content */ = {isa = PBXBuildFile; fileRef = 7B192F0C2D9DCCEC00AA96B1 /* RedhillAtisWatch Watch App.app */; settings = {ATTRIBUTES = (RemoveHeadersOnCopy, ); }; };
		7B55D9632D9DD6980024B2AB /* DateHelper in Frameworks */ = {isa = PBXBuildFile; productRef = 7B55D9622D9DD6980024B2AB /* DateHelper */; };
		7B55D9702D9DD8020024B2AB /* DateHelper in Frameworks */ = {isa = PBXBuildFile; productRef = 7B55D96F2D9DD8020024B2AB /* DateHelper */; };
/* End PBXBuildFile section */

/* Begin PBXContainerItemProxy section */
		7B192EEC2D9DCC9F00AA96B1 /* PBXContainerItemProxy */ = {
			isa = PBXContainerItemProxy;
			containerPortal = 7B192ED32D9DCC9E00AA96B1 /* Project object */;
			proxyType = 1;
			remoteGlobalIDString = 7B192EDA2D9DCC9E00AA96B1;
			remoteInfo = RedhillAtis;
		};
		7B192EF62D9DCC9F00AA96B1 /* PBXContainerItemProxy */ = {
			isa = PBXContainerItemProxy;
			containerPortal = 7B192ED32D9DCC9E00AA96B1 /* Project object */;
			proxyType = 1;
			remoteGlobalIDString = 7B192EDA2D9DCC9E00AA96B1;
			remoteInfo = RedhillAtis;
		};
		7B192F1C2D9DCCED00AA96B1 /* PBXContainerItemProxy */ = {
			isa = PBXContainerItemProxy;
			containerPortal = 7B192ED32D9DCC9E00AA96B1 /* Project object */;
			proxyType = 1;
			remoteGlobalIDString = 7B192F0B2D9DCCEC00AA96B1;
			remoteInfo = "RedhillAtisWatch Watch App";
		};
		7B192F262D9DCCED00AA96B1 /* PBXContainerItemProxy */ = {
			isa = PBXContainerItemProxy;
			containerPortal = 7B192ED32D9DCC9E00AA96B1 /* Project object */;
			proxyType = 1;
			remoteGlobalIDString = 7B192F0B2D9DCCEC00AA96B1;
			remoteInfo = "RedhillAtisWatch Watch App";
		};
		7B192F2D2D9DCCED00AA96B1 /* PBXContainerItemProxy */ = {
			isa = PBXContainerItemProxy;
			containerPortal = 7B192ED32D9DCC9E00AA96B1 /* Project object */;
			proxyType = 1;
			remoteGlobalIDString = 7B192F0B2D9DCCEC00AA96B1;
			remoteInfo = "RedhillAtisWatch Watch App";
		};
/* End PBXContainerItemProxy section */

/* Begin PBXCopyFilesBuildPhase section */
		7B192F332D9DCCED00AA96B1 /* Embed Watch Content */ = {
			isa = PBXCopyFilesBuildPhase;
			buildActionMask = 2147483647;
			dstPath = "$(CONTENTS_FOLDER_PATH)/Watch";
			dstSubfolderSpec = 16;
			files = (
				7B192F2F2D9DCCED00AA96B1 /* RedhillAtisWatch Watch App.app in Embed Watch Content */,
			);
			name = "Embed Watch Content";
			runOnlyForDeploymentPostprocessing = 0;
		};
/* End PBXCopyFilesBuildPhase section */

/* Begin PBXFileReference section */
		7B192EDB2D9DCC9E00AA96B1 /* RedhillAtis.app */ = {isa = PBXFileReference; explicitFileType = wrapper.application; includeInIndex = 0; path = RedhillAtis.app; sourceTree = BUILT_PRODUCTS_DIR; };
		7B192EEB2D9DCC9F00AA96B1 /* RedhillAtisTests.xctest */ = {isa = PBXFileReference; explicitFileType = wrapper.cfbundle; includeInIndex = 0; path = RedhillAtisTests.xctest; sourceTree = BUILT_PRODUCTS_DIR; };
		7B192EF52D9DCC9F00AA96B1 /* RedhillAtisUITests.xctest */ = {isa = PBXFileReference; explicitFileType = wrapper.cfbundle; includeInIndex = 0; path = RedhillAtisUITests.xctest; sourceTree = BUILT_PRODUCTS_DIR; };
		7B192F0C2D9DCCEC00AA96B1 /* RedhillAtisWatch Watch App.app */ = {isa = PBXFileReference; explicitFileType = wrapper.application; includeInIndex = 0; path = "RedhillAtisWatch Watch App.app"; sourceTree = BUILT_PRODUCTS_DIR; };
		7B192F1B2D9DCCED00AA96B1 /* RedhillAtisWatch Watch AppTests.xctest */ = {isa = PBXFileReference; explicitFileType = wrapper.cfbundle; includeInIndex = 0; path = "RedhillAtisWatch Watch AppTests.xctest"; sourceTree = BUILT_PRODUCTS_DIR; };
		7B192F252D9DCCED00AA96B1 /* RedhillAtisWatch Watch AppUITests.xctest */ = {isa = PBXFileReference; explicitFileType = wrapper.cfbundle; includeInIndex = 0; path = "RedhillAtisWatch Watch AppUITests.xctest"; sourceTree = BUILT_PRODUCTS_DIR; };
/* End PBXFileReference section */

/* Begin PBXFileSystemSynchronizedBuildFileExceptionSet section */
		7B55D9652D9DD7060024B2AB /* Exceptions for "RedhillAtis" folder in "RedhillAtisWatch Watch App" target */ = {
			isa = PBXFileSystemSynchronizedBuildFileExceptionSet;
			membershipExceptions = (
				Media.xcassets,
				Models/AtisModel.swift,
				RedhillAtisApp.swift,
				ViewModels/AtisViewModel.swift,
			);
			target = 7B192F0B2D9DCCEC00AA96B1 /* RedhillAtisWatch Watch App */;
		};
		7B61E9EE2D9E5F5B00ED43FA /* Exceptions for "RedhillAtis" folder in "RedhillAtis" target */ = {
			isa = PBXFileSystemSynchronizedBuildFileExceptionSet;
			membershipExceptions = (
				Info.plist,
			);
			target = 7B192EDA2D9DCC9E00AA96B1 /* RedhillAtis */;
		};
		7BD9F9422DA16D91000797F9 /* Exceptions for "RedhillAtisUITests" folder in "RedhillAtisWatch Watch AppUITests" target */ = {
			isa = PBXFileSystemSynchronizedBuildFileExceptionSet;
			membershipExceptions = (
				SnapshotHelper.swift,
			);
			target = 7B192F242D9DCCED00AA96B1 /* RedhillAtisWatch Watch AppUITests */;
		};
/* End PBXFileSystemSynchronizedBuildFileExceptionSet section */

/* Begin PBXFileSystemSynchronizedRootGroup section */
		7B192EDD2D9DCC9E00AA96B1 /* RedhillAtis */ = {
			isa = PBXFileSystemSynchronizedRootGroup;
			exceptions = (
				7B61E9EE2D9E5F5B00ED43FA /* Exceptions for "RedhillAtis" folder in "RedhillAtis" target */,
				7B55D9652D9DD7060024B2AB /* Exceptions for "RedhillAtis" folder in "RedhillAtisWatch Watch App" target */,
			);
			path = RedhillAtis;
			sourceTree = "<group>";
		};
		7B192EEE2D9DCC9F00AA96B1 /* RedhillAtisTests */ = {
			isa = PBXFileSystemSynchronizedRootGroup;
			path = RedhillAtisTests;
			sourceTree = "<group>";
		};
		7B192EF82D9DCC9F00AA96B1 /* RedhillAtisUITests */ = {
			isa = PBXFileSystemSynchronizedRootGroup;
			exceptions = (
				7BD9F9422DA16D91000797F9 /* Exceptions for "RedhillAtisUITests" folder in "RedhillAtisWatch Watch AppUITests" target */,
			);
			path = RedhillAtisUITests;
			sourceTree = "<group>";
		};
		7B192F0D2D9DCCEC00AA96B1 /* RedhillAtisWatchApp */ = {
			isa = PBXFileSystemSynchronizedRootGroup;
			path = RedhillAtisWatchApp;
			sourceTree = "<group>";
		};
		7B192F1E2D9DCCED00AA96B1 /* RedhillAtisWatchAppTests */ = {
			isa = PBXFileSystemSynchronizedRootGroup;
			path = RedhillAtisWatchAppTests;
			sourceTree = "<group>";
		};
		7B192F282D9DCCED00AA96B1 /* RedhillAtisWatchAppUITests */ = {
			isa = PBXFileSystemSynchronizedRootGroup;
			path = RedhillAtisWatchAppUITests;
			sourceTree = "<group>";
		};
/* End PBXFileSystemSynchronizedRootGroup section */

/* Begin PBXFrameworksBuildPhase section */
		7B192ED82D9DCC9E00AA96B1 /* Frameworks */ = {
			isa = PBXFrameworksBuildPhase;
			buildActionMask = 2147483647;
			files = (
				7B55D9632D9DD6980024B2AB /* DateHelper in Frameworks */,
			);
			runOnlyForDeploymentPostprocessing = 0;
		};
		7B192EE82D9DCC9F00AA96B1 /* Frameworks */ = {
			isa = PBXFrameworksBuildPhase;
			buildActionMask = 2147483647;
			files = (
			);
			runOnlyForDeploymentPostprocessing = 0;
		};
		7B192EF22D9DCC9F00AA96B1 /* Frameworks */ = {
			isa = PBXFrameworksBuildPhase;
			buildActionMask = 2147483647;
			files = (
			);
			runOnlyForDeploymentPostprocessing = 0;
		};
		7B192F092D9DCCEC00AA96B1 /* Frameworks */ = {
			isa = PBXFrameworksBuildPhase;
			buildActionMask = 2147483647;
			files = (
				7B55D9702D9DD8020024B2AB /* DateHelper in Frameworks */,
			);
			runOnlyForDeploymentPostprocessing = 0;
		};
		7B192F182D9DCCED00AA96B1 /* Frameworks */ = {
			isa = PBXFrameworksBuildPhase;
			buildActionMask = 2147483647;
			files = (
			);
			runOnlyForDeploymentPostprocessing = 0;
		};
		7B192F222D9DCCED00AA96B1 /* Frameworks */ = {
			isa = PBXFrameworksBuildPhase;
			buildActionMask = 2147483647;
			files = (
			);
			runOnlyForDeploymentPostprocessing = 0;
		};
/* End PBXFrameworksBuildPhase section */

/* Begin PBXGroup section */
		7B192ED22D9DCC9E00AA96B1 = {
			isa = PBXGroup;
			children = (
				7B192EDD2D9DCC9E00AA96B1 /* RedhillAtis */,
				7B192EEE2D9DCC9F00AA96B1 /* RedhillAtisTests */,
				7B192EF82D9DCC9F00AA96B1 /* RedhillAtisUITests */,
				7B192F0D2D9DCCEC00AA96B1 /* RedhillAtisWatchApp */,
				7B192F1E2D9DCCED00AA96B1 /* RedhillAtisWatchAppTests */,
				7B192F282D9DCCED00AA96B1 /* RedhillAtisWatchAppUITests */,
				7B55D9612D9DD6980024B2AB /* Frameworks */,
				7B192EDC2D9DCC9E00AA96B1 /* Products */,
			);
			sourceTree = "<group>";
		};
		7B192EDC2D9DCC9E00AA96B1 /* Products */ = {
			isa = PBXGroup;
			children = (
				7B192EDB2D9DCC9E00AA96B1 /* RedhillAtis.app */,
				7B192EEB2D9DCC9F00AA96B1 /* RedhillAtisTests.xctest */,
				7B192EF52D9DCC9F00AA96B1 /* RedhillAtisUITests.xctest */,
				7B192F0C2D9DCCEC00AA96B1 /* RedhillAtisWatch Watch App.app */,
				7B192F1B2D9DCCED00AA96B1 /* RedhillAtisWatch Watch AppTests.xctest */,
				7B192F252D9DCCED00AA96B1 /* RedhillAtisWatch Watch AppUITests.xctest */,
			);
			name = Products;
			sourceTree = "<group>";
		};
		7B55D9612D9DD6980024B2AB /* Frameworks */ = {
			isa = PBXGroup;
			children = (
			);
			name = Frameworks;
			sourceTree = "<group>";
		};
/* End PBXGroup section */

/* Begin PBXNativeTarget section */
		7B192EDA2D9DCC9E00AA96B1 /* RedhillAtis */ = {
			isa = PBXNativeTarget;
			buildConfigurationList = 7B192EFF2D9DCC9F00AA96B1 /* Build configuration list for PBXNativeTarget "RedhillAtis" */;
			buildPhases = (
				7B192ED72D9DCC9E00AA96B1 /* Sources */,
				7B192ED82D9DCC9E00AA96B1 /* Frameworks */,
				7B192ED92D9DCC9E00AA96B1 /* Resources */,
				7B192F332D9DCCED00AA96B1 /* Embed Watch Content */,
			);
			buildRules = (
			);
			dependencies = (
				7B192F2E2D9DCCED00AA96B1 /* PBXTargetDependency */,
			);
			fileSystemSynchronizedGroups = (
				7B192EDD2D9DCC9E00AA96B1 /* RedhillAtis */,
			);
			name = RedhillAtis;
			packageProductDependencies = (
				7B55D9622D9DD6980024B2AB /* DateHelper */,
			);
			productName = RedhillAtis;
			productReference = 7B192EDB2D9DCC9E00AA96B1 /* RedhillAtis.app */;
			productType = "com.apple.product-type.application";
		};
		7B192EEA2D9DCC9F00AA96B1 /* RedhillAtisTests */ = {
			isa = PBXNativeTarget;
			buildConfigurationList = 7B192F022D9DCC9F00AA96B1 /* Build configuration list for PBXNativeTarget "RedhillAtisTests" */;
			buildPhases = (
				7B192EE72D9DCC9F00AA96B1 /* Sources */,
				7B192EE82D9DCC9F00AA96B1 /* Frameworks */,
				7B192EE92D9DCC9F00AA96B1 /* Resources */,
			);
			buildRules = (
			);
			dependencies = (
				7B192EED2D9DCC9F00AA96B1 /* PBXTargetDependency */,
			);
			fileSystemSynchronizedGroups = (
				7B192EEE2D9DCC9F00AA96B1 /* RedhillAtisTests */,
			);
			name = RedhillAtisTests;
			packageProductDependencies = (
			);
			productName = RedhillAtisTests;
			productReference = 7B192EEB2D9DCC9F00AA96B1 /* RedhillAtisTests.xctest */;
			productType = "com.apple.product-type.bundle.unit-test";
		};
		7B192EF42D9DCC9F00AA96B1 /* RedhillAtisUITests */ = {
			isa = PBXNativeTarget;
			buildConfigurationList = 7B192F052D9DCC9F00AA96B1 /* Build configuration list for PBXNativeTarget "RedhillAtisUITests" */;
			buildPhases = (
				7B192EF12D9DCC9F00AA96B1 /* Sources */,
				7B192EF22D9DCC9F00AA96B1 /* Frameworks */,
				7B192EF32D9DCC9F00AA96B1 /* Resources */,
			);
			buildRules = (
			);
			dependencies = (
				7B192EF72D9DCC9F00AA96B1 /* PBXTargetDependency */,
			);
			fileSystemSynchronizedGroups = (
				7B192EF82D9DCC9F00AA96B1 /* RedhillAtisUITests */,
			);
			name = RedhillAtisUITests;
			packageProductDependencies = (
			);
			productName = RedhillAtisUITests;
			productReference = 7B192EF52D9DCC9F00AA96B1 /* RedhillAtisUITests.xctest */;
			productType = "com.apple.product-type.bundle.ui-testing";
		};
		7B192F0B2D9DCCEC00AA96B1 /* RedhillAtisWatch Watch App */ = {
			isa = PBXNativeTarget;
			buildConfigurationList = 7B192F302D9DCCED00AA96B1 /* Build configuration list for PBXNativeTarget "RedhillAtisWatch Watch App" */;
			buildPhases = (
				7B192F082D9DCCEC00AA96B1 /* Sources */,
				7B192F092D9DCCEC00AA96B1 /* Frameworks */,
				7B192F0A2D9DCCEC00AA96B1 /* Resources */,
			);
			buildRules = (
			);
			dependencies = (
			);
			fileSystemSynchronizedGroups = (
				7B192F0D2D9DCCEC00AA96B1 /* RedhillAtisWatchApp */,
			);
			name = "RedhillAtisWatch Watch App";
			packageProductDependencies = (
				7B55D96F2D9DD8020024B2AB /* DateHelper */,
			);
			productName = "RedhillAtisWatch Watch App";
			productReference = 7B192F0C2D9DCCEC00AA96B1 /* RedhillAtisWatch Watch App.app */;
			productType = "com.apple.product-type.application";
		};
		7B192F1A2D9DCCED00AA96B1 /* RedhillAtisWatch Watch AppTests */ = {
			isa = PBXNativeTarget;
			buildConfigurationList = 7B192F342D9DCCED00AA96B1 /* Build configuration list for PBXNativeTarget "RedhillAtisWatch Watch AppTests" */;
			buildPhases = (
				7B192F172D9DCCED00AA96B1 /* Sources */,
				7B192F182D9DCCED00AA96B1 /* Frameworks */,
				7B192F192D9DCCED00AA96B1 /* Resources */,
			);
			buildRules = (
			);
			dependencies = (
				7B192F1D2D9DCCED00AA96B1 /* PBXTargetDependency */,
			);
			fileSystemSynchronizedGroups = (
				7B192F1E2D9DCCED00AA96B1 /* RedhillAtisWatchAppTests */,
			);
			name = "RedhillAtisWatch Watch AppTests";
			packageProductDependencies = (
			);
			productName = "RedhillAtisWatch Watch AppTests";
			productReference = 7B192F1B2D9DCCED00AA96B1 /* RedhillAtisWatch Watch AppTests.xctest */;
			productType = "com.apple.product-type.bundle.unit-test";
		};
		7B192F242D9DCCED00AA96B1 /* RedhillAtisWatch Watch AppUITests */ = {
			isa = PBXNativeTarget;
			buildConfigurationList = 7B192F372D9DCCED00AA96B1 /* Build configuration list for PBXNativeTarget "RedhillAtisWatch Watch AppUITests" */;
			buildPhases = (
				7B192F212D9DCCED00AA96B1 /* Sources */,
				7B192F222D9DCCED00AA96B1 /* Frameworks */,
				7B192F232D9DCCED00AA96B1 /* Resources */,
			);
			buildRules = (
			);
			dependencies = (
				7B192F272D9DCCED00AA96B1 /* PBXTargetDependency */,
			);
			fileSystemSynchronizedGroups = (
				7B192F282D9DCCED00AA96B1 /* RedhillAtisWatchAppUITests */,
			);
			name = "RedhillAtisWatch Watch AppUITests";
			packageProductDependencies = (
			);
			productName = "RedhillAtisWatch Watch AppUITests";
			productReference = 7B192F252D9DCCED00AA96B1 /* RedhillAtisWatch Watch AppUITests.xctest */;
			productType = "com.apple.product-type.bundle.ui-testing";
		};
/* End PBXNativeTarget section */

/* Begin PBXProject section */
		7B192ED32D9DCC9E00AA96B1 /* Project object */ = {
			isa = PBXProject;
			attributes = {
				BuildIndependentTargetsInParallel = 1;
				LastSwiftUpdateCheck = 1620;
				LastUpgradeCheck = 1630;
				TargetAttributes = {
					7B192EDA2D9DCC9E00AA96B1 = {
						CreatedOnToolsVersion = 16.2;
					};
					7B192EEA2D9DCC9F00AA96B1 = {
						CreatedOnToolsVersion = 16.2;
						TestTargetID = 7B192EDA2D9DCC9E00AA96B1;
					};
					7B192EF42D9DCC9F00AA96B1 = {
						CreatedOnToolsVersion = 16.2;
						TestTargetID = 7B192EDA2D9DCC9E00AA96B1;
					};
					7B192F0B2D9DCCEC00AA96B1 = {
						CreatedOnToolsVersion = 16.2;
					};
					7B192F1A2D9DCCED00AA96B1 = {
						CreatedOnToolsVersion = 16.2;
						TestTargetID = 7B192F0B2D9DCCEC00AA96B1;
					};
					7B192F242D9DCCED00AA96B1 = {
						CreatedOnToolsVersion = 16.2;
						TestTargetID = 7B192F0B2D9DCCEC00AA96B1;
					};
				};
			};
			buildConfigurationList = 7B192ED62D9DCC9E00AA96B1 /* Build configuration list for PBXProject "RedhillAtis" */;
			developmentRegion = en;
			hasScannedForEncodings = 0;
			knownRegions = (
				en,
				Base,
			);
			mainGroup = 7B192ED22D9DCC9E00AA96B1;
			minimizedProjectReferenceProxies = 1;
			packageReferences = (
				7B55D95C2D9DD53D0024B2AB /* XCRemoteSwiftPackageReference "DateHelper" */,
				7B9FAFCB2DA12F6F002404F2 /* XCRemoteSwiftPackageReference "SwiftLintPlugins" */,
			);
			preferredProjectObjectVersion = 77;
			productRefGroup = 7B192EDC2D9DCC9E00AA96B1 /* Products */;
			projectDirPath = "";
			projectRoot = "";
			targets = (
				7B192EDA2D9DCC9E00AA96B1 /* RedhillAtis */,
				7B192EEA2D9DCC9F00AA96B1 /* RedhillAtisTests */,
				7B192EF42D9DCC9F00AA96B1 /* RedhillAtisUITests */,
				7B192F0B2D9DCCEC00AA96B1 /* RedhillAtisWatch Watch App */,
				7B192F1A2D9DCCED00AA96B1 /* RedhillAtisWatch Watch AppTests */,
				7B192F242D9DCCED00AA96B1 /* RedhillAtisWatch Watch AppUITests */,
			);
		};
/* End PBXProject section */

/* Begin PBXResourcesBuildPhase section */
		7B192ED92D9DCC9E00AA96B1 /* Resources */ = {
			isa = PBXResourcesBuildPhase;
			buildActionMask = 2147483647;
			files = (
			);
			runOnlyForDeploymentPostprocessing = 0;
		};
		7B192EE92D9DCC9F00AA96B1 /* Resources */ = {
			isa = PBXResourcesBuildPhase;
			buildActionMask = 2147483647;
			files = (
			);
			runOnlyForDeploymentPostprocessing = 0;
		};
		7B192EF32D9DCC9F00AA96B1 /* Resources */ = {
			isa = PBXResourcesBuildPhase;
			buildActionMask = 2147483647;
			files = (
			);
			runOnlyForDeploymentPostprocessing = 0;
		};
		7B192F0A2D9DCCEC00AA96B1 /* Resources */ = {
			isa = PBXResourcesBuildPhase;
			buildActionMask = 2147483647;
			files = (
			);
			runOnlyForDeploymentPostprocessing = 0;
		};
		7B192F192D9DCCED00AA96B1 /* Resources */ = {
			isa = PBXResourcesBuildPhase;
			buildActionMask = 2147483647;
			files = (
			);
			runOnlyForDeploymentPostprocessing = 0;
		};
		7B192F232D9DCCED00AA96B1 /* Resources */ = {
			isa = PBXResourcesBuildPhase;
			buildActionMask = 2147483647;
			files = (
			);
			runOnlyForDeploymentPostprocessing = 0;
		};
/* End PBXResourcesBuildPhase section */

/* Begin PBXSourcesBuildPhase section */
		7B192ED72D9DCC9E00AA96B1 /* Sources */ = {
			isa = PBXSourcesBuildPhase;
			buildActionMask = 2147483647;
			files = (
			);
			runOnlyForDeploymentPostprocessing = 0;
		};
		7B192EE72D9DCC9F00AA96B1 /* Sources */ = {
			isa = PBXSourcesBuildPhase;
			buildActionMask = 2147483647;
			files = (
			);
			runOnlyForDeploymentPostprocessing = 0;
		};
		7B192EF12D9DCC9F00AA96B1 /* Sources */ = {
			isa = PBXSourcesBuildPhase;
			buildActionMask = 2147483647;
			files = (
			);
			runOnlyForDeploymentPostprocessing = 0;
		};
		7B192F082D9DCCEC00AA96B1 /* Sources */ = {
			isa = PBXSourcesBuildPhase;
			buildActionMask = 2147483647;
			files = (
			);
			runOnlyForDeploymentPostprocessing = 0;
		};
		7B192F172D9DCCED00AA96B1 /* Sources */ = {
			isa = PBXSourcesBuildPhase;
			buildActionMask = 2147483647;
			files = (
			);
			runOnlyForDeploymentPostprocessing = 0;
		};
		7B192F212D9DCCED00AA96B1 /* Sources */ = {
			isa = PBXSourcesBuildPhase;
			buildActionMask = 2147483647;
			files = (
			);
			runOnlyForDeploymentPostprocessing = 0;
		};
/* End PBXSourcesBuildPhase section */

/* Begin PBXTargetDependency section */
		7B192EED2D9DCC9F00AA96B1 /* PBXTargetDependency */ = {
			isa = PBXTargetDependency;
			target = 7B192EDA2D9DCC9E00AA96B1 /* RedhillAtis */;
			targetProxy = 7B192EEC2D9DCC9F00AA96B1 /* PBXContainerItemProxy */;
		};
		7B192EF72D9DCC9F00AA96B1 /* PBXTargetDependency */ = {
			isa = PBXTargetDependency;
			target = 7B192EDA2D9DCC9E00AA96B1 /* RedhillAtis */;
			targetProxy = 7B192EF62D9DCC9F00AA96B1 /* PBXContainerItemProxy */;
		};
		7B192F1D2D9DCCED00AA96B1 /* PBXTargetDependency */ = {
			isa = PBXTargetDependency;
			target = 7B192F0B2D9DCCEC00AA96B1 /* RedhillAtisWatch Watch App */;
			targetProxy = 7B192F1C2D9DCCED00AA96B1 /* PBXContainerItemProxy */;
		};
		7B192F272D9DCCED00AA96B1 /* PBXTargetDependency */ = {
			isa = PBXTargetDependency;
			target = 7B192F0B2D9DCCEC00AA96B1 /* RedhillAtisWatch Watch App */;
			targetProxy = 7B192F262D9DCCED00AA96B1 /* PBXContainerItemProxy */;
		};
		7B192F2E2D9DCCED00AA96B1 /* PBXTargetDependency */ = {
			isa = PBXTargetDependency;
			target = 7B192F0B2D9DCCEC00AA96B1 /* RedhillAtisWatch Watch App */;
			targetProxy = 7B192F2D2D9DCCED00AA96B1 /* PBXContainerItemProxy */;
		};
/* End PBXTargetDependency section */

/* Begin XCBuildConfiguration section */
		7B192EFD2D9DCC9F00AA96B1 /* Debug */ = {
			isa = XCBuildConfiguration;
			buildSettings = {
				ALWAYS_SEARCH_USER_PATHS = NO;
				ASSETCATALOG_COMPILER_GENERATE_SWIFT_ASSET_SYMBOL_EXTENSIONS = YES;
				CLANG_ANALYZER_NONNULL = YES;
				CLANG_ANALYZER_NUMBER_OBJECT_CONVERSION = YES_AGGRESSIVE;
				CLANG_CXX_LANGUAGE_STANDARD = "gnu++20";
				CLANG_ENABLE_MODULES = YES;
				CLANG_ENABLE_OBJC_ARC = YES;
				CLANG_ENABLE_OBJC_WEAK = YES;
				CLANG_WARN_BLOCK_CAPTURE_AUTORELEASING = YES;
				CLANG_WARN_BOOL_CONVERSION = YES;
				CLANG_WARN_COMMA = YES;
				CLANG_WARN_CONSTANT_CONVERSION = YES;
				CLANG_WARN_DEPRECATED_OBJC_IMPLEMENTATIONS = YES;
				CLANG_WARN_DIRECT_OBJC_ISA_USAGE = YES_ERROR;
				CLANG_WARN_DOCUMENTATION_COMMENTS = YES;
				CLANG_WARN_EMPTY_BODY = YES;
				CLANG_WARN_ENUM_CONVERSION = YES;
				CLANG_WARN_INFINITE_RECURSION = YES;
				CLANG_WARN_INT_CONVERSION = YES;
				CLANG_WARN_NON_LITERAL_NULL_CONVERSION = YES;
				CLANG_WARN_OBJC_IMPLICIT_RETAIN_SELF = YES;
				CLANG_WARN_OBJC_LITERAL_CONVERSION = YES;
				CLANG_WARN_OBJC_ROOT_CLASS = YES_ERROR;
				CLANG_WARN_QUOTED_INCLUDE_IN_FRAMEWORK_HEADER = YES;
				CLANG_WARN_RANGE_LOOP_ANALYSIS = YES;
				CLANG_WARN_STRICT_PROTOTYPES = YES;
				CLANG_WARN_SUSPICIOUS_MOVE = YES;
				CLANG_WARN_UNGUARDED_AVAILABILITY = YES_AGGRESSIVE;
				CLANG_WARN_UNREACHABLE_CODE = YES;
				CLANG_WARN__DUPLICATE_METHOD_MATCH = YES;
				COPY_PHASE_STRIP = NO;
				DEBUG_INFORMATION_FORMAT = dwarf;
				DEVELOPMENT_TEAM = C2Y482MP9U;
				ENABLE_STRICT_OBJC_MSGSEND = YES;
				ENABLE_TESTABILITY = YES;
				ENABLE_USER_SCRIPT_SANDBOXING = YES;
				GCC_C_LANGUAGE_STANDARD = gnu17;
				GCC_DYNAMIC_NO_PIC = NO;
				GCC_NO_COMMON_BLOCKS = YES;
				GCC_OPTIMIZATION_LEVEL = 0;
				GCC_PREPROCESSOR_DEFINITIONS = (
					"DEBUG=1",
					"$(inherited)",
				);
				GCC_WARN_64_TO_32_BIT_CONVERSION = YES;
				GCC_WARN_ABOUT_RETURN_TYPE = YES_ERROR;
				GCC_WARN_UNDECLARED_SELECTOR = YES;
				GCC_WARN_UNINITIALIZED_AUTOS = YES_AGGRESSIVE;
				GCC_WARN_UNUSED_FUNCTION = YES;
				GCC_WARN_UNUSED_VARIABLE = YES;
				IPHONEOS_DEPLOYMENT_TARGET = 18.2;
				LOCALIZATION_PREFERS_STRING_CATALOGS = YES;
				MTL_ENABLE_DEBUG_INFO = INCLUDE_SOURCE;
				MTL_FAST_MATH = YES;
				ONLY_ACTIVE_ARCH = YES;
				SDKROOT = iphoneos;
				SWIFT_ACTIVE_COMPILATION_CONDITIONS = "DEBUG $(inherited)";
				SWIFT_OPTIMIZATION_LEVEL = "-Onone";
			};
			name = Debug;
		};
		7B192EFE2D9DCC9F00AA96B1 /* Release */ = {
			isa = XCBuildConfiguration;
			buildSettings = {
				ALWAYS_SEARCH_USER_PATHS = NO;
				ASSETCATALOG_COMPILER_GENERATE_SWIFT_ASSET_SYMBOL_EXTENSIONS = YES;
				CLANG_ANALYZER_NONNULL = YES;
				CLANG_ANALYZER_NUMBER_OBJECT_CONVERSION = YES_AGGRESSIVE;
				CLANG_CXX_LANGUAGE_STANDARD = "gnu++20";
				CLANG_ENABLE_MODULES = YES;
				CLANG_ENABLE_OBJC_ARC = YES;
				CLANG_ENABLE_OBJC_WEAK = YES;
				CLANG_WARN_BLOCK_CAPTURE_AUTORELEASING = YES;
				CLANG_WARN_BOOL_CONVERSION = YES;
				CLANG_WARN_COMMA = YES;
				CLANG_WARN_CONSTANT_CONVERSION = YES;
				CLANG_WARN_DEPRECATED_OBJC_IMPLEMENTATIONS = YES;
				CLANG_WARN_DIRECT_OBJC_ISA_USAGE = YES_ERROR;
				CLANG_WARN_DOCUMENTATION_COMMENTS = YES;
				CLANG_WARN_EMPTY_BODY = YES;
				CLANG_WARN_ENUM_CONVERSION = YES;
				CLANG_WARN_INFINITE_RECURSION = YES;
				CLANG_WARN_INT_CONVERSION = YES;
				CLANG_WARN_NON_LITERAL_NULL_CONVERSION = YES;
				CLANG_WARN_OBJC_IMPLICIT_RETAIN_SELF = YES;
				CLANG_WARN_OBJC_LITERAL_CONVERSION = YES;
				CLANG_WARN_OBJC_ROOT_CLASS = YES_ERROR;
				CLANG_WARN_QUOTED_INCLUDE_IN_FRAMEWORK_HEADER = YES;
				CLANG_WARN_RANGE_LOOP_ANALYSIS = YES;
				CLANG_WARN_STRICT_PROTOTYPES = YES;
				CLANG_WARN_SUSPICIOUS_MOVE = YES;
				CLANG_WARN_UNGUARDED_AVAILABILITY = YES_AGGRESSIVE;
				CLANG_WARN_UNREACHABLE_CODE = YES;
				CLANG_WARN__DUPLICATE_METHOD_MATCH = YES;
				COPY_PHASE_STRIP = NO;
				DEBUG_INFORMATION_FORMAT = "dwarf-with-dsym";
				DEVELOPMENT_TEAM = C2Y482MP9U;
				ENABLE_NS_ASSERTIONS = NO;
				ENABLE_STRICT_OBJC_MSGSEND = YES;
				ENABLE_USER_SCRIPT_SANDBOXING = YES;
				GCC_C_LANGUAGE_STANDARD = gnu17;
				GCC_NO_COMMON_BLOCKS = YES;
				GCC_WARN_64_TO_32_BIT_CONVERSION = YES;
				GCC_WARN_ABOUT_RETURN_TYPE = YES_ERROR;
				GCC_WARN_UNDECLARED_SELECTOR = YES;
				GCC_WARN_UNINITIALIZED_AUTOS = YES_AGGRESSIVE;
				GCC_WARN_UNUSED_FUNCTION = YES;
				GCC_WARN_UNUSED_VARIABLE = YES;
				IPHONEOS_DEPLOYMENT_TARGET = 18.2;
				LOCALIZATION_PREFERS_STRING_CATALOGS = YES;
				MTL_ENABLE_DEBUG_INFO = NO;
				MTL_FAST_MATH = YES;
				SDKROOT = iphoneos;
				SWIFT_COMPILATION_MODE = wholemodule;
				VALIDATE_PRODUCT = YES;
			};
			name = Release;
		};
		7B192F002D9DCC9F00AA96B1 /* Debug */ = {
			isa = XCBuildConfiguration;
			buildSettings = {
				ASSETCATALOG_COMPILER_APPICON_NAME = AppIcon;
				ASSETCATALOG_COMPILER_GLOBAL_ACCENT_COLOR_NAME = AccentColor;
				ASSETCATALOG_COMPILER_INCLUDE_ALL_APPICON_ASSETS = YES;
				CODE_SIGN_STYLE = Automatic;
				CURRENT_PROJECT_VERSION = 8;
				DEVELOPMENT_ASSET_PATHS = "\"RedhillAtis/Preview Content\"";
				ENABLE_PREVIEWS = YES;
				ENABLE_USER_SCRIPT_SANDBOXING = NO;
				GENERATE_INFOPLIST_FILE = YES;
				INFOPLIST_FILE = RedhillAtis/Info.plist;
				INFOPLIST_KEY_CFBundleDisplayName = "Redhill ATIS";
				INFOPLIST_KEY_ITSAppUsesNonExemptEncryption = NO;
				INFOPLIST_KEY_LSApplicationCategoryType = "public.app-category.utilities";
				INFOPLIST_KEY_UIApplicationSceneManifest_Generation = YES;
				INFOPLIST_KEY_UIApplicationSupportsIndirectInputEvents = YES;
				INFOPLIST_KEY_UILaunchScreen_Generation = YES;
				INFOPLIST_KEY_UISupportedInterfaceOrientations = "UIInterfaceOrientationPortrait UIInterfaceOrientationPortraitUpsideDown";
				INFOPLIST_KEY_UISupportedInterfaceOrientations_iPad = "UIInterfaceOrientationLandscapeLeft UIInterfaceOrientationLandscapeRight UIInterfaceOrientationPortrait UIInterfaceOrientationPortraitUpsideDown";
				IPHONEOS_DEPLOYMENT_TARGET = 18.0;
				LD_RUNPATH_SEARCH_PATHS = (
					"$(inherited)",
					"@executable_path/Frameworks",
				);
				MARKETING_VERSION = 1.2;
				PRODUCT_BUNDLE_IDENTIFIER = com.stefanocislaghi.redhillatis;
				PRODUCT_NAME = "$(TARGET_NAME)";
				SUPPORTED_PLATFORMS = "iphoneos iphonesimulator";
				SUPPORTS_MACCATALYST = NO;
				SWIFT_EMIT_LOC_STRINGS = YES;
				SWIFT_VERSION = 5.0;
				TARGETED_DEVICE_FAMILY = "1,2";
			};
			name = Debug;
		};
		7B192F012D9DCC9F00AA96B1 /* Release */ = {
			isa = XCBuildConfiguration;
			buildSettings = {
				ASSETCATALOG_COMPILER_APPICON_NAME = AppIcon;
				ASSETCATALOG_COMPILER_GLOBAL_ACCENT_COLOR_NAME = AccentColor;
				ASSETCATALOG_COMPILER_INCLUDE_ALL_APPICON_ASSETS = YES;
				CODE_SIGN_STYLE = Automatic;
				CURRENT_PROJECT_VERSION = 8;
				DEVELOPMENT_ASSET_PATHS = "\"RedhillAtis/Preview Content\"";
				ENABLE_PREVIEWS = YES;
				ENABLE_USER_SCRIPT_SANDBOXING = NO;
				GENERATE_INFOPLIST_FILE = YES;
				INFOPLIST_FILE = RedhillAtis/Info.plist;
				INFOPLIST_KEY_CFBundleDisplayName = "Redhill ATIS";
				INFOPLIST_KEY_ITSAppUsesNonExemptEncryption = NO;
				INFOPLIST_KEY_LSApplicationCategoryType = "public.app-category.utilities";
				INFOPLIST_KEY_UIApplicationSceneManifest_Generation = YES;
				INFOPLIST_KEY_UIApplicationSupportsIndirectInputEvents = YES;
				INFOPLIST_KEY_UILaunchScreen_Generation = YES;
				INFOPLIST_KEY_UISupportedInterfaceOrientations = "UIInterfaceOrientationPortrait UIInterfaceOrientationPortraitUpsideDown";
				INFOPLIST_KEY_UISupportedInterfaceOrientations_iPad = "UIInterfaceOrientationLandscapeLeft UIInterfaceOrientationLandscapeRight UIInterfaceOrientationPortrait UIInterfaceOrientationPortraitUpsideDown";
				IPHONEOS_DEPLOYMENT_TARGET = 18.0;
				LD_RUNPATH_SEARCH_PATHS = (
					"$(inherited)",
					"@executable_path/Frameworks",
				);
				MARKETING_VERSION = 1.2;
				PRODUCT_BUNDLE_IDENTIFIER = com.stefanocislaghi.redhillatis;
				PRODUCT_NAME = "$(TARGET_NAME)";
				SUPPORTED_PLATFORMS = "iphoneos iphonesimulator";
				SUPPORTS_MACCATALYST = NO;
				SWIFT_EMIT_LOC_STRINGS = YES;
				SWIFT_VERSION = 5.0;
				TARGETED_DEVICE_FAMILY = "1,2";
			};
			name = Release;
		};
		7B192F032D9DCC9F00AA96B1 /* Debug */ = {
			isa = XCBuildConfiguration;
			buildSettings = {
				BUNDLE_LOADER = "$(TEST_HOST)";
				CODE_SIGN_STYLE = Automatic;
				CURRENT_PROJECT_VERSION = 1;
				GENERATE_INFOPLIST_FILE = YES;
				IPHONEOS_DEPLOYMENT_TARGET = 18.2;
				MARKETING_VERSION = 1.0;
				PRODUCT_BUNDLE_IDENTIFIER = com.stefanocislaghi.redhillatistests;
				PRODUCT_NAME = "$(TARGET_NAME)";
				SWIFT_EMIT_LOC_STRINGS = NO;
				SWIFT_VERSION = 5.0;
				TARGETED_DEVICE_FAMILY = "1,2";
				TEST_HOST = "$(BUILT_PRODUCTS_DIR)/RedhillAtis.app/$(BUNDLE_EXECUTABLE_FOLDER_PATH)/RedhillAtis";
			};
			name = Debug;
		};
		7B192F042D9DCC9F00AA96B1 /* Release */ = {
			isa = XCBuildConfiguration;
			buildSettings = {
				BUNDLE_LOADER = "$(TEST_HOST)";
				CODE_SIGN_STYLE = Automatic;
				CURRENT_PROJECT_VERSION = 1;
				GENERATE_INFOPLIST_FILE = YES;
				IPHONEOS_DEPLOYMENT_TARGET = 18.2;
				MARKETING_VERSION = 1.0;
				PRODUCT_BUNDLE_IDENTIFIER = com.stefanocislaghi.redhillatistests;
				PRODUCT_NAME = "$(TARGET_NAME)";
				SWIFT_EMIT_LOC_STRINGS = NO;
				SWIFT_VERSION = 5.0;
				TARGETED_DEVICE_FAMILY = "1,2";
				TEST_HOST = "$(BUILT_PRODUCTS_DIR)/RedhillAtis.app/$(BUNDLE_EXECUTABLE_FOLDER_PATH)/RedhillAtis";
			};
			name = Release;
		};
		7B192F062D9DCC9F00AA96B1 /* Debug */ = {
			isa = XCBuildConfiguration;
			buildSettings = {
				CODE_SIGN_STYLE = Automatic;
				CURRENT_PROJECT_VERSION = 1;
				GENERATE_INFOPLIST_FILE = YES;
				MARKETING_VERSION = 1.0;
				PRODUCT_BUNDLE_IDENTIFIER = com.stefanocislaghi.redhillatisuitests;
				PRODUCT_NAME = "$(TARGET_NAME)";
				SWIFT_EMIT_LOC_STRINGS = NO;
				SWIFT_VERSION = 5.0;
				TARGETED_DEVICE_FAMILY = "1,2";
				TEST_TARGET_NAME = RedhillAtis;
			};
			name = Debug;
		};
		7B192F072D9DCC9F00AA96B1 /* Release */ = {
			isa = XCBuildConfiguration;
			buildSettings = {
				CODE_SIGN_STYLE = Automatic;
				CURRENT_PROJECT_VERSION = 1;
				GENERATE_INFOPLIST_FILE = YES;
				MARKETING_VERSION = 1.0;
				PRODUCT_BUNDLE_IDENTIFIER = com.stefanocislaghi.redhillatisuitests;
				PRODUCT_NAME = "$(TARGET_NAME)";
				SWIFT_EMIT_LOC_STRINGS = NO;
				SWIFT_VERSION = 5.0;
				TARGETED_DEVICE_FAMILY = "1,2";
				TEST_TARGET_NAME = RedhillAtis;
			};
			name = Release;
		};
		7B192F312D9DCCED00AA96B1 /* Debug */ = {
			isa = XCBuildConfiguration;
			buildSettings = {
				ASSETCATALOG_COMPILER_APPICON_NAME = WatchIcon;
				ASSETCATALOG_COMPILER_GLOBAL_ACCENT_COLOR_NAME = AccentColor;
				ASSETCATALOG_COMPILER_INCLUDE_ALL_APPICON_ASSETS = YES;
				CODE_SIGN_STYLE = Automatic;
				CURRENT_PROJECT_VERSION = 7;
				DEVELOPMENT_ASSET_PATHS = "\"RedhillAtisWatchApp/Preview Content\"";
				ENABLE_PREVIEWS = YES;
				ENABLE_USER_SCRIPT_SANDBOXING = NO;
				GENERATE_INFOPLIST_FILE = YES;
				INFOPLIST_KEY_CFBundleDisplayName = "Redhill ATIS";
				INFOPLIST_KEY_UISupportedInterfaceOrientations = "UIInterfaceOrientationPortrait UIInterfaceOrientationPortraitUpsideDown";
				INFOPLIST_KEY_WKCompanionAppBundleIdentifier = com.stefanocislaghi.redhillatis;
				LD_RUNPATH_SEARCH_PATHS = (
					"$(inherited)",
					"@executable_path/Frameworks",
				);
				MARKETING_VERSION = 1.1;
				PRODUCT_BUNDLE_IDENTIFIER = com.stefanocislaghi.redhillatis.watchkitapp;
				PRODUCT_NAME = "$(TARGET_NAME)";
				SDKROOT = watchos;
				SKIP_INSTALL = YES;
				SWIFT_EMIT_LOC_STRINGS = YES;
				SWIFT_VERSION = 5.0;
				TARGETED_DEVICE_FAMILY = 4;
				WATCHOS_DEPLOYMENT_TARGET = 11.0;
			};
			name = Debug;
		};
		7B192F322D9DCCED00AA96B1 /* Release */ = {
			isa = XCBuildConfiguration;
			buildSettings = {
				ASSETCATALOG_COMPILER_APPICON_NAME = WatchIcon;
				ASSETCATALOG_COMPILER_GLOBAL_ACCENT_COLOR_NAME = AccentColor;
				ASSETCATALOG_COMPILER_INCLUDE_ALL_APPICON_ASSETS = YES;
				CODE_SIGN_STYLE = Automatic;
				CURRENT_PROJECT_VERSION = 7;
				DEVELOPMENT_ASSET_PATHS = "\"RedhillAtisWatchApp/Preview Content\"";
				ENABLE_PREVIEWS = YES;
				ENABLE_USER_SCRIPT_SANDBOXING = NO;
				GENERATE_INFOPLIST_FILE = YES;
				INFOPLIST_KEY_CFBundleDisplayName = "Redhill ATIS";
				INFOPLIST_KEY_UISupportedInterfaceOrientations = "UIInterfaceOrientationPortrait UIInterfaceOrientationPortraitUpsideDown";
				INFOPLIST_KEY_WKCompanionAppBundleIdentifier = com.stefanocislaghi.redhillatis;
				LD_RUNPATH_SEARCH_PATHS = (
					"$(inherited)",
					"@executable_path/Frameworks",
				);
				MARKETING_VERSION = 1.1;
				PRODUCT_BUNDLE_IDENTIFIER = com.stefanocislaghi.redhillatis.watchkitapp;
				PRODUCT_NAME = "$(TARGET_NAME)";
				SDKROOT = watchos;
				SKIP_INSTALL = YES;
				SWIFT_EMIT_LOC_STRINGS = YES;
				SWIFT_VERSION = 5.0;
				TARGETED_DEVICE_FAMILY = 4;
				WATCHOS_DEPLOYMENT_TARGET = 11.0;
			};
			name = Release;
		};
		7B192F352D9DCCED00AA96B1 /* Debug */ = {
			isa = XCBuildConfiguration;
			buildSettings = {
				BUNDLE_LOADER = "$(TEST_HOST)";
				CODE_SIGN_STYLE = Automatic;
				CURRENT_PROJECT_VERSION = 1;
				GENERATE_INFOPLIST_FILE = YES;
				MARKETING_VERSION = 1.0;
				PRODUCT_BUNDLE_IDENTIFIER = com.stefanocislaghi.redhillatis.watchkit.apptests;
				PRODUCT_NAME = "$(TARGET_NAME)";
				SDKROOT = watchos;
				SWIFT_EMIT_LOC_STRINGS = NO;
				SWIFT_VERSION = 5.0;
				TARGETED_DEVICE_FAMILY = 4;
				TEST_HOST = "$(BUILT_PRODUCTS_DIR)/RedhillAtisWatch Watch App.app/$(BUNDLE_EXECUTABLE_FOLDER_PATH)/RedhillAtisWatch Watch App";
				WATCHOS_DEPLOYMENT_TARGET = 11.2;
			};
			name = Debug;
		};
		7B192F362D9DCCED00AA96B1 /* Release */ = {
			isa = XCBuildConfiguration;
			buildSettings = {
				BUNDLE_LOADER = "$(TEST_HOST)";
				CODE_SIGN_STYLE = Automatic;
				CURRENT_PROJECT_VERSION = 1;
				GENERATE_INFOPLIST_FILE = YES;
				MARKETING_VERSION = 1.0;
				PRODUCT_BUNDLE_IDENTIFIER = com.stefanocislaghi.redhillatis.watchkit.apptests;
				PRODUCT_NAME = "$(TARGET_NAME)";
				SDKROOT = watchos;
				SWIFT_EMIT_LOC_STRINGS = NO;
				SWIFT_VERSION = 5.0;
				TARGETED_DEVICE_FAMILY = 4;
				TEST_HOST = "$(BUILT_PRODUCTS_DIR)/RedhillAtisWatch Watch App.app/$(BUNDLE_EXECUTABLE_FOLDER_PATH)/RedhillAtisWatch Watch App";
				WATCHOS_DEPLOYMENT_TARGET = 11.2;
			};
			name = Release;
		};
		7B192F382D9DCCED00AA96B1 /* Debug */ = {
			isa = XCBuildConfiguration;
			buildSettings = {
				CODE_SIGN_STYLE = Automatic;
				CURRENT_PROJECT_VERSION = 1;
				GENERATE_INFOPLIST_FILE = YES;
				MARKETING_VERSION = 1.0;
				PRODUCT_BUNDLE_IDENTIFIER = com.stefanocislaghi.redhillatis.watchkit.uitests;
				PRODUCT_NAME = "$(TARGET_NAME)";
				SDKROOT = watchos;
				SWIFT_EMIT_LOC_STRINGS = NO;
				SWIFT_VERSION = 5.0;
				TARGETED_DEVICE_FAMILY = 4;
				TEST_TARGET_NAME = "RedhillAtisWatch Watch App";
				WATCHOS_DEPLOYMENT_TARGET = 11.2;
			};
			name = Debug;
		};
		7B192F392D9DCCED00AA96B1 /* Release */ = {
			isa = XCBuildConfiguration;
			buildSettings = {
				CODE_SIGN_STYLE = Automatic;
				CURRENT_PROJECT_VERSION = 1;
				GENERATE_INFOPLIST_FILE = YES;
				MARKETING_VERSION = 1.0;
				PRODUCT_BUNDLE_IDENTIFIER = com.stefanocislaghi.redhillatis.watchkit.uitests;
				PRODUCT_NAME = "$(TARGET_NAME)";
				SDKROOT = watchos;
				SWIFT_EMIT_LOC_STRINGS = NO;
				SWIFT_VERSION = 5.0;
				TARGETED_DEVICE_FAMILY = 4;
				TEST_TARGET_NAME = "RedhillAtisWatch Watch App";
				WATCHOS_DEPLOYMENT_TARGET = 11.2;
			};
			name = Release;
		};
/* End XCBuildConfiguration section */

/* Begin XCConfigurationList section */
		7B192ED62D9DCC9E00AA96B1 /* Build configuration list for PBXProject "RedhillAtis" */ = {
			isa = XCConfigurationList;
			buildConfigurations = (
				7B192EFD2D9DCC9F00AA96B1 /* Debug */,
				7B192EFE2D9DCC9F00AA96B1 /* Release */,
			);
			defaultConfigurationIsVisible = 0;
			defaultConfigurationName = Release;
		};
		7B192EFF2D9DCC9F00AA96B1 /* Build configuration list for PBXNativeTarget "RedhillAtis" */ = {
			isa = XCConfigurationList;
			buildConfigurations = (
				7B192F002D9DCC9F00AA96B1 /* Debug */,
				7B192F012D9DCC9F00AA96B1 /* Release */,
			);
			defaultConfigurationIsVisible = 0;
			defaultConfigurationName = Release;
		};
		7B192F022D9DCC9F00AA96B1 /* Build configuration list for PBXNativeTarget "RedhillAtisTests" */ = {
			isa = XCConfigurationList;
			buildConfigurations = (
				7B192F032D9DCC9F00AA96B1 /* Debug */,
				7B192F042D9DCC9F00AA96B1 /* Release */,
			);
			defaultConfigurationIsVisible = 0;
			defaultConfigurationName = Release;
		};
		7B192F052D9DCC9F00AA96B1 /* Build configuration list for PBXNativeTarget "RedhillAtisUITests" */ = {
			isa = XCConfigurationList;
			buildConfigurations = (
				7B192F062D9DCC9F00AA96B1 /* Debug */,
				7B192F072D9DCC9F00AA96B1 /* Release */,
			);
			defaultConfigurationIsVisible = 0;
			defaultConfigurationName = Release;
		};
		7B192F302D9DCCED00AA96B1 /* Build configuration list for PBXNativeTarget "RedhillAtisWatch Watch App" */ = {
			isa = XCConfigurationList;
			buildConfigurations = (
				7B192F312D9DCCED00AA96B1 /* Debug */,
				7B192F322D9DCCED00AA96B1 /* Release */,
			);
			defaultConfigurationIsVisible = 0;
			defaultConfigurationName = Release;
		};
		7B192F342D9DCCED00AA96B1 /* Build configuration list for PBXNativeTarget "RedhillAtisWatch Watch AppTests" */ = {
			isa = XCConfigurationList;
			buildConfigurations = (
				7B192F352D9DCCED00AA96B1 /* Debug */,
				7B192F362D9DCCED00AA96B1 /* Release */,
			);
			defaultConfigurationIsVisible = 0;
			defaultConfigurationName = Release;
		};
		7B192F372D9DCCED00AA96B1 /* Build configuration list for PBXNativeTarget "RedhillAtisWatch Watch AppUITests" */ = {
			isa = XCConfigurationList;
			buildConfigurations = (
				7B192F382D9DCCED00AA96B1 /* Debug */,
				7B192F392D9DCCED00AA96B1 /* Release */,
			);
			defaultConfigurationIsVisible = 0;
			defaultConfigurationName = Release;
		};
/* End XCConfigurationList section */

/* Begin XCRemoteSwiftPackageReference section */
		7B55D95C2D9DD53D0024B2AB /* XCRemoteSwiftPackageReference "DateHelper" */ = {
			isa = XCRemoteSwiftPackageReference;
			repositoryURL = "https://github.com/melvitax/DateHelper.git";
			requirement = {
				kind = upToNextMajorVersion;
				minimumVersion = 5.0.1;
			};
		};
		7B9FAFCB2DA12F6F002404F2 /* XCRemoteSwiftPackageReference "SwiftLintPlugins" */ = {
			isa = XCRemoteSwiftPackageReference;
			repositoryURL = "https://github.com/SimplyDanny/SwiftLintPlugins";
			requirement = {
				kind = upToNextMajorVersion;
				minimumVersion = 0.58.2;
			};
		};
/* End XCRemoteSwiftPackageReference section */

/* Begin XCSwiftPackageProductDependency section */
		7B55D9622D9DD6980024B2AB /* DateHelper */ = {
			isa = XCSwiftPackageProductDependency;
			package = 7B55D95C2D9DD53D0024B2AB /* XCRemoteSwiftPackageReference "DateHelper" */;
			productName = DateHelper;
		};
		7B55D96F2D9DD8020024B2AB /* DateHelper */ = {
			isa = XCSwiftPackageProductDependency;
			package = 7B55D95C2D9DD53D0024B2AB /* XCRemoteSwiftPackageReference "DateHelper" */;
			productName = DateHelper;
		};
/* End XCSwiftPackageProductDependency section */
	};
	rootObject = 7B192ED32D9DCC9E00AA96B1 /* Project object */;
}
